
Microsoft Visual Studio Solution File, Format Version 12.00
# Visual Studio 15
VisualStudioVersion = 15.0.28307.421
MinimumVisualStudioVersion = 10.0.40219.1
Project("{9A19103F-16F7-4668-BE54-9A1E7A4F7556}") = "1_Game", "1_Game\1_Game.csproj", "{64823EFA-5AC7-429A-8F28-40901AB97DE9}"
EndProject
Global
	GlobalSection(SolutionConfigurationPlatforms) = preSolution
		Debug|Any CPU = Debug|Any CPU
		Release|Any CPU = Release|Any CPU
	EndGlobalSection
	GlobalSection(ProjectConfigurationPlatforms) = postSolution
		{64823EFA-5AC7-429A-8F28-40901AB97DE9}.Debug|Any CPU.ActiveCfg = Debug|Any CPU
		{64823EFA-5AC7-429A-8F28-40901AB97DE9}.Debug|Any CPU.Build.0 = Debug|Any CPU
		{64823EFA-5AC7-429A-8F28-40901AB97DE9}.Release|Any CPU.ActiveCfg = Release|Any CPU
		{64823EFA-5AC7-429A-8F28-40901AB97DE9}.Release|Any CPU.Build.0 = Release|Any CPU
	EndGlobalSection
	GlobalSection(SolutionProperties) = preSolution
		HideSolutionNode = FALSE
	EndGlobalSection
	GlobalSection(ExtensibilityGlobals) = postSolution
		SolutionGuid = {ABDFF09E-76AF-42ED-870E-68A91FD945D8}
	EndGlobalSection
EndGlobal
