
Microsoft Visual Studio Solution File, Format Version 12.00
# Visual Studio Version 16
VisualStudioVersion = 16.0.29306.81
MinimumVisualStudioVersion = 10.0.40219.1
Project("{FAE04EC0-301F-11D3-BF4B-00C04F79EFBC}") = "1_Game", "1_Game\1_Game.csproj", "{64823EFA-5AC7-429A-8F28-40901AB97DE9}"
EndProject
Global
	GlobalSection(SolutionConfigurationPlatforms) = preSolution
		Debug|Any CPU = Debug|Any CPU
		Release|Any CPU = Release|Any CPU
	EndGlobalSection
	GlobalSection(ProjectConfigurationPlatforms) = postSolution
		{64823EFA-5AC7-429A-8F28-40901AB97DE9}.Debug|Any CPU.ActiveCfg = Debug|Any CPU
		{64823EFA-5AC7-429A-8F28-40901AB97DE9}.Debug|Any CPU.Build.0 = Debug|Any CPU
		{64823EFA-5AC7-429A-8F28-40901AB97DE9}.Release|Any CPU.ActiveCfg = Release|Any CPU
		{64823EFA-5AC7-429A-8F28-40901AB97DE9}.Release|Any CPU.Build.0 = Release|Any CPU
	EndGlobalSection
	GlobalSection(SolutionProperties) = preSolution
		HideSolutionNode = FALSE
	EndGlobalSection
	GlobalSection(ExtensibilityGlobals) = postSolution
		SolutionGuid = {ABDFF09E-76AF-42ED-870E-68A91FD945D8}
	EndGlobalSection
EndGlobal
